PODS:
  - JMProgressHUD (0.1.8):
    - MBProgressHUD (~> 1.1.0)
  - MBProgressHUD (1.1.0)

DEPENDENCIES:
  - JMProgressHUD (from `../`)

SPEC REPOS:
  https://github.com/cocoapods/specs.git:
    - MBProgressHUD

EXTERNAL SOURCES:
  JMProgressHUD:
    :path: "../"

SPEC CHECKSUMS:
  JMProgressHUD: 8c4d4abb75bd5893f3561e62db78da29b5938625
  MBProgressHUD: e7baa36a220447d8aeb12769bf0585582f3866d9

PODFILE CHECKSUM: cb5e61edfdfc491ebde004d55f9561851274d521

COCOAPODS: 1.5.3
